
Microsoft Visual Studio Solution File, Format Version 12.00
# Visual Studio 15
VisualStudioVersion = 15.0.27130.2003
MinimumVisualStudioVersion = 10.0.40219.1
Project("{FAE04EC0-301F-11D3-BF4B-00C04F79EFBC}") = "challengeDaysBetweenDates", "challengeDaysBetweenDates\challengeDaysBetweenDates.csproj", "{F5F12C26-AA97-4C1A-BDFA-EB1D8371E5D6}"
EndProject
Global
	GlobalSection(SolutionConfigurationPlatforms) = preSolution
		Debug|Any CPU = Debug|Any CPU
		Release|Any CPU = Release|Any CPU
	EndGlobalSection
	GlobalSection(ProjectConfigurationPlatforms) = postSolution
		{F5F12C26-AA97-4C1A-BDFA-EB1D8371E5D6}.Debug|Any CPU.ActiveCfg = Debug|Any CPU
		{F5F12C26-AA97-4C1A-BDFA-EB1D8371E5D6}.Debug|Any CPU.Build.0 = Debug|Any CPU
		{F5F12C26-AA97-4C1A-BDFA-EB1D8371E5D6}.Release|Any CPU.ActiveCfg = Release|Any CPU
		{F5F12C26-AA97-4C1A-BDFA-EB1D8371E5D6}.Release|Any CPU.Build.0 = Release|Any CPU
	EndGlobalSection
	GlobalSection(SolutionProperties) = preSolution
		HideSolutionNode = FALSE
	EndGlobalSection
	GlobalSection(ExtensibilityGlobals) = postSolution
		SolutionGuid = {38D2BF60-3A06-475B-BEF6-18F3C7BBE4B1}
	EndGlobalSection
EndGlobal
